
Microsoft Visual Studio Solution File, Format Version 12.00
# Visual Studio 15
VisualStudioVersion = 15.0.27428.2043
MinimumVisualStudioVersion = 10.0.40219.1
Project("{9A19103F-16F7-4668-BE54-9A1E7A4F7556}") = "AspNetCoreIdentityExample.Web", "AspNetCoreIdentityExample.Web\AspNetCoreIdentityExample.Web.csproj", "{9A911C36-2BBC-47F4-911B-D4EE66044022}"
EndProject
Project("{9A19103F-16F7-4668-BE54-9A1E7A4F7556}") = "AspNetCoreIdentityExample.Domain", "AspNetCoreIdentityExample.Domain\AspNetCoreIdentityExample.Domain.csproj", "{34F14A0A-1B59-4BFB-A921-FB430813625C}"
EndProject
Project("{FAE04EC0-301F-11D3-BF4B-00C04F79EFBC}") = "AspNetCoreIdentityExample.Data", "AspNetCoreIdentityExample.Data\AspNetCoreIdentityExample.Data.csproj", "{CA29913C-E0F9-4210-92AF-5F36B8AFB101}"
EndProject
Global
	GlobalSection(SolutionConfigurationPlatforms) = preSolution
		Debug|Any CPU = Debug|Any CPU
		Release|Any CPU = Release|Any CPU
	EndGlobalSection
	GlobalSection(ProjectConfigurationPlatforms) = postSolution
		{9A911C36-2BBC-47F4-911B-D4EE66044022}.Debug|Any CPU.ActiveCfg = Debug|Any CPU
		{9A911C36-2BBC-47F4-911B-D4EE66044022}.Debug|Any CPU.Build.0 = Debug|Any CPU
		{9A911C36-2BBC-47F4-911B-D4EE66044022}.Release|Any CPU.ActiveCfg = Release|Any CPU
		{9A911C36-2BBC-47F4-911B-D4EE66044022}.Release|Any CPU.Build.0 = Release|Any CPU
		{34F14A0A-1B59-4BFB-A921-FB430813625C}.Debug|Any CPU.ActiveCfg = Debug|Any CPU
		{34F14A0A-1B59-4BFB-A921-FB430813625C}.Debug|Any CPU.Build.0 = Debug|Any CPU
		{34F14A0A-1B59-4BFB-A921-FB430813625C}.Release|Any CPU.ActiveCfg = Release|Any CPU
		{34F14A0A-1B59-4BFB-A921-FB430813625C}.Release|Any CPU.Build.0 = Release|Any CPU
		{CA29913C-E0F9-4210-92AF-5F36B8AFB101}.Debug|Any CPU.ActiveCfg = Debug|Any CPU
		{CA29913C-E0F9-4210-92AF-5F36B8AFB101}.Debug|Any CPU.Build.0 = Debug|Any CPU
		{CA29913C-E0F9-4210-92AF-5F36B8AFB101}.Release|Any CPU.ActiveCfg = Release|Any CPU
		{CA29913C-E0F9-4210-92AF-5F36B8AFB101}.Release|Any CPU.Build.0 = Release|Any CPU
	EndGlobalSection
	GlobalSection(SolutionProperties) = preSolution
		HideSolutionNode = FALSE
	EndGlobalSection
	GlobalSection(ExtensibilityGlobals) = postSolution
		SolutionGuid = {6DAF7866-3C28-43DB-9759-E3C7015EB29A}
	EndGlobalSection
EndGlobal
